
Microsoft Visual Studio Solution File, Format Version 12.00
# Visual Studio 15
Project("{FAE04EC0-301F-11D3-BF4B-00C04F79EFBC}") = "Assembly-CSharp", "Assembly-CSharp.csproj", "{71587418-9D4C-413E-56BE-FCEFADE54B08}"
EndProject
Project("{FAE04EC0-301F-11D3-BF4B-00C04F79EFBC}") = "Assembly-CSharp-firstpass", "Assembly-CSharp-firstpass.csproj", "{FBE3CAE8-AB60-E5D7-8305-A724EF1FA30F}"
EndProject
Project("{FAE04EC0-301F-11D3-BF4B-00C04F79EFBC}") = "Assembly-CSharp-Editor", "Assembly-CSharp-Editor.csproj", "{5311B93D-9A63-A52E-87B9-09A9E9944CA2}"
EndProject
Global
	GlobalSection(SolutionConfigurationPlatforms) = preSolution
		Debug|Any CPU = Debug|Any CPU
		Release|Any CPU = Release|Any CPU
	EndGlobalSection
	GlobalSection(ProjectConfigurationPlatforms) = postSolution
		{71587418-9D4C-413E-56BE-FCEFADE54B08}.Debug|Any CPU.ActiveCfg = Debug|Any CPU
		{71587418-9D4C-413E-56BE-FCEFADE54B08}.Debug|Any CPU.Build.0 = Debug|Any CPU
		{71587418-9D4C-413E-56BE-FCEFADE54B08}.Release|Any CPU.ActiveCfg = Release|Any CPU
		{71587418-9D4C-413E-56BE-FCEFADE54B08}.Release|Any CPU.Build.0 = Release|Any CPU
		{FBE3CAE8-AB60-E5D7-8305-A724EF1FA30F}.Debug|Any CPU.ActiveCfg = Debug|Any CPU
		{FBE3CAE8-AB60-E5D7-8305-A724EF1FA30F}.Debug|Any CPU.Build.0 = Debug|Any CPU
		{FBE3CAE8-AB60-E5D7-8305-A724EF1FA30F}.Release|Any CPU.ActiveCfg = Release|Any CPU
		{FBE3CAE8-AB60-E5D7-8305-A724EF1FA30F}.Release|Any CPU.Build.0 = Release|Any CPU
		{5311B93D-9A63-A52E-87B9-09A9E9944CA2}.Debug|Any CPU.ActiveCfg = Debug|Any CPU
		{5311B93D-9A63-A52E-87B9-09A9E9944CA2}.Debug|Any CPU.Build.0 = Debug|Any CPU
		{5311B93D-9A63-A52E-87B9-09A9E9944CA2}.Release|Any CPU.ActiveCfg = Release|Any CPU
		{5311B93D-9A63-A52E-87B9-09A9E9944CA2}.Release|Any CPU.Build.0 = Release|Any CPU
	EndGlobalSection
	GlobalSection(SolutionProperties) = preSolution
		HideSolutionNode = FALSE
	EndGlobalSection
EndGlobal
